
Microsoft Visual Studio Solution File, Format Version 12.00
# Visual Studio Version 17
VisualStudioVersion = 17.7.34031.279
MinimumVisualStudioVersion = 10.0.40219.1
Project("{9A19103F-16F7-4668-BE54-9A1E7A4F7556}") = "Api", "MDS\Api.csproj", "{DD1BCE52-FE36-4C1D-B783-08EF6799F459}"
EndProject
Global
	GlobalSection(SolutionConfigurationPlatforms) = preSolution
		Debug|Any CPU = Debug|Any CPU
		Release|Any CPU = Release|Any CPU
	EndGlobalSection
	GlobalSection(ProjectConfigurationPlatforms) = postSolution
		{DD1BCE52-FE36-4C1D-B783-08EF6799F459}.Debug|Any CPU.ActiveCfg = Debug|Any CPU
		{DD1BCE52-FE36-4C1D-B783-08EF6799F459}.Debug|Any CPU.Build.0 = Debug|Any CPU
		{DD1BCE52-FE36-4C1D-B783-08EF6799F459}.Release|Any CPU.ActiveCfg = Release|Any CPU
		{DD1BCE52-FE36-4C1D-B783-08EF6799F459}.Release|Any CPU.Build.0 = Release|Any CPU
	EndGlobalSection
	GlobalSection(SolutionProperties) = preSolution
		HideSolutionNode = FALSE
	EndGlobalSection
	GlobalSection(ExtensibilityGlobals) = postSolution
		SolutionGuid = {7045DF50-F3B3-460E-9088-5F8D4BA26DBC}
	EndGlobalSection
EndGlobal
